
Microsoft Visual Studio Solution File, Format Version 12.00
# Visual Studio Version 17
VisualStudioVersion = 17.3.32825.248
MinimumVisualStudioVersion = 10.0.40219.1
Project("{8BC9CEB8-8B4A-11D0-8D11-00A0C91BC942}") = "Chapter17", "Chapter17.vcxproj", "{88F89712-D51E-4F55-A232-E7249537EC49}"
EndProject
Global
	GlobalSection(SolutionConfigurationPlatforms) = preSolution
		Debug|x64 = Debug|x64
		Debug|x86 = Debug|x86
		Release|x64 = Release|x64
		Release|x86 = Release|x86
	EndGlobalSection
	GlobalSection(ProjectConfigurationPlatforms) = postSolution
		{88F89712-D51E-4F55-A232-E7249537EC49}.Debug|x64.ActiveCfg = Debug|x64
		{88F89712-D51E-4F55-A232-E7249537EC49}.Debug|x64.Build.0 = Debug|x64
		{88F89712-D51E-4F55-A232-E7249537EC49}.Debug|x86.ActiveCfg = Debug|Win32
		{88F89712-D51E-4F55-A232-E7249537EC49}.Debug|x86.Build.0 = Debug|Win32
		{88F89712-D51E-4F55-A232-E7249537EC49}.Release|x64.ActiveCfg = Release|x64
		{88F89712-D51E-4F55-A232-E7249537EC49}.Release|x64.Build.0 = Release|x64
		{88F89712-D51E-4F55-A232-E7249537EC49}.Release|x86.ActiveCfg = Release|Win32
		{88F89712-D51E-4F55-A232-E7249537EC49}.Release|x86.Build.0 = Release|Win32
	EndGlobalSection
	GlobalSection(SolutionProperties) = preSolution
		HideSolutionNode = FALSE
	EndGlobalSection
	GlobalSection(ExtensibilityGlobals) = postSolution
		SolutionGuid = {3C3A5256-ECF8-4A1C-BDB8-55C31BB1CDC7}
	EndGlobalSection
EndGlobal
